github.com/Saf1u/pubsubshared v0.0.0-20230220153351-ab6360cd0915 h1:/VN8noQlatAqMHIl7x3GEg49hFxuQ2mkCpCjliMsWQc=
github.com/Saf1u/pubsubshared v0.0.0-20230220153351-ab6360cd0915/go.mod h1:UgZbakHv7NdC0pMRQYDK+apMijMoyV8MBBsA6qPijsI=
github.com/Saf1u/pubsubshared v0.0.0-20230220155826-a7e115e9c736 h1:ecLomUcKfixdMR86H/PoLk90YyPfFPYwJ+dhRsm592A=
github.com/Saf1u/pubsubshared v0.0.0-20230220155826-a7e115e9c736/go.mod h1:UgZbakHv7NdC0pMRQYDK+apMijMoyV8MBBsA6qPijsI=
